
Microsoft Visual Studio Solution File, Format Version 12.00
# Visual Studio Version 17
VisualStudioVersion = 17.5.33424.131
MinimumVisualStudioVersion = 10.0.40219.1
Project("{FAE04EC0-301F-11D3-BF4B-00C04F79EFBC}") = "QuanLyKTX.API", "QuanLyKTX.API.csproj", "{7841FD4E-EC97-4E35-BDDF-0E4798CA80A0}"
EndProject
Project("{FAE04EC0-301F-11D3-BF4B-00C04F79EFBC}") = "KTX.MOD", "..\KTX.MOD\KTX.MOD.csproj", "{A16EBBB8-41FE-47C2-9C19-8D2608BD84F7}"
EndProject
Project("{FAE04EC0-301F-11D3-BF4B-00C04F79EFBC}") = "KTX.BUS", "..\KTX.BUS\KTX.BUS.csproj", "{44E7DC5A-91CD-4B93-923C-769A07F0D8F4}"
EndProject
Project("{FAE04EC0-301F-11D3-BF4B-00C04F79EFBC}") = "KTX.DAL", "..\KTX.DAL\KTX.DAL.csproj", "{B7E96E7D-DC66-49B6-9ADD-4C1F3915D656}"
EndProject
Project("{FAE04EC0-301F-11D3-BF4B-00C04F79EFBC}") = "KTX.ULT", "..\KTX.ULT\KTX.ULT.csproj", "{395C9BAC-7FFD-44DF-9129-37EB371599CB}"
EndProject
Global
	GlobalSection(SolutionConfigurationPlatforms) = preSolution
		Debug|Any CPU = Debug|Any CPU
		Release|Any CPU = Release|Any CPU
	EndGlobalSection
	GlobalSection(ProjectConfigurationPlatforms) = postSolution
		{7841FD4E-EC97-4E35-BDDF-0E4798CA80A0}.Debug|Any CPU.ActiveCfg = Debug|Any CPU
		{7841FD4E-EC97-4E35-BDDF-0E4798CA80A0}.Debug|Any CPU.Build.0 = Debug|Any CPU
		{7841FD4E-EC97-4E35-BDDF-0E4798CA80A0}.Release|Any CPU.ActiveCfg = Release|Any CPU
		{7841FD4E-EC97-4E35-BDDF-0E4798CA80A0}.Release|Any CPU.Build.0 = Release|Any CPU
		{A16EBBB8-41FE-47C2-9C19-8D2608BD84F7}.Debug|Any CPU.ActiveCfg = Debug|Any CPU
		{A16EBBB8-41FE-47C2-9C19-8D2608BD84F7}.Debug|Any CPU.Build.0 = Debug|Any CPU
		{A16EBBB8-41FE-47C2-9C19-8D2608BD84F7}.Release|Any CPU.ActiveCfg = Release|Any CPU
		{A16EBBB8-41FE-47C2-9C19-8D2608BD84F7}.Release|Any CPU.Build.0 = Release|Any CPU
		{44E7DC5A-91CD-4B93-923C-769A07F0D8F4}.Debug|Any CPU.ActiveCfg = Debug|Any CPU
		{44E7DC5A-91CD-4B93-923C-769A07F0D8F4}.Debug|Any CPU.Build.0 = Debug|Any CPU
		{44E7DC5A-91CD-4B93-923C-769A07F0D8F4}.Release|Any CPU.ActiveCfg = Release|Any CPU
		{44E7DC5A-91CD-4B93-923C-769A07F0D8F4}.Release|Any CPU.Build.0 = Release|Any CPU
		{B7E96E7D-DC66-49B6-9ADD-4C1F3915D656}.Debug|Any CPU.ActiveCfg = Debug|Any CPU
		{B7E96E7D-DC66-49B6-9ADD-4C1F3915D656}.Debug|Any CPU.Build.0 = Debug|Any CPU
		{B7E96E7D-DC66-49B6-9ADD-4C1F3915D656}.Release|Any CPU.ActiveCfg = Release|Any CPU
		{B7E96E7D-DC66-49B6-9ADD-4C1F3915D656}.Release|Any CPU.Build.0 = Release|Any CPU
		{395C9BAC-7FFD-44DF-9129-37EB371599CB}.Debug|Any CPU.ActiveCfg = Debug|Any CPU
		{395C9BAC-7FFD-44DF-9129-37EB371599CB}.Debug|Any CPU.Build.0 = Debug|Any CPU
		{395C9BAC-7FFD-44DF-9129-37EB371599CB}.Release|Any CPU.ActiveCfg = Release|Any CPU
		{395C9BAC-7FFD-44DF-9129-37EB371599CB}.Release|Any CPU.Build.0 = Release|Any CPU
	EndGlobalSection
	GlobalSection(SolutionProperties) = preSolution
		HideSolutionNode = FALSE
	EndGlobalSection
	GlobalSection(ExtensibilityGlobals) = postSolution
		SolutionGuid = {3FE32400-0311-4696-BEEB-61361C972F45}
	EndGlobalSection
EndGlobal
